
Microsoft Visual Studio Solution File, Format Version 12.00
# Visual Studio Version 17
VisualStudioVersion = 17.9.34701.34
MinimumVisualStudioVersion = 10.0.40219.1
Project("{FAE04EC0-301F-11D3-BF4B-00C04F79EFBC}") = "TransManager", "TransManager.csproj", "{56763015-B4CF-4BFF-893C-17F362B0E628}"
EndProject
Global
	GlobalSection(SolutionConfigurationPlatforms) = preSolution
		Debug|Any CPU = Debug|Any CPU
		Release|Any CPU = Release|Any CPU
	EndGlobalSection
	GlobalSection(ProjectConfigurationPlatforms) = postSolution
		{56763015-B4CF-4BFF-893C-17F362B0E628}.Debug|Any CPU.ActiveCfg = Debug|Any CPU
		{56763015-B4CF-4BFF-893C-17F362B0E628}.Debug|Any CPU.Build.0 = Debug|Any CPU
		{56763015-B4CF-4BFF-893C-17F362B0E628}.Release|Any CPU.ActiveCfg = Release|Any CPU
		{56763015-B4CF-4BFF-893C-17F362B0E628}.Release|Any CPU.Build.0 = Release|Any CPU
	EndGlobalSection
	GlobalSection(SolutionProperties) = preSolution
		HideSolutionNode = FALSE
	EndGlobalSection
	GlobalSection(ExtensibilityGlobals) = postSolution
		SolutionGuid = {D739765A-56DF-4796-BAD3-526244B3A600}
	EndGlobalSection
EndGlobal
